// !$*UTF8*$!
{
	archiveVersion = 1;
	classes = {
	};
	objectVersion = 46;
	objects = {

/* Begin PBXBuildFile section */
		9B3D77411AC39F9F00EBC828 /* Images.xcassets in Resources */ = {isa = PBXBuildFile; fileRef = 9B3D77401AC39F9F00EBC828 /* Images.xcassets */; };
		9B3D77441AC39F9F00EBC828 /* LaunchScreen.xib in Resources */ = {isa = PBXBuildFile; fileRef = 9B3D77421AC39F9F00EBC828 /* LaunchScreen.xib */; };
		9B3D77501AC39F9F00EBC828 /* ____Tests.m in Sources */ = {isa = PBXBuildFile; fileRef = 9B3D774F1AC39F9F00EBC828 /* ____Tests.m */; };
		9B3D775D1AC3A08100EBC828 /* AppDelegate.m in Sources */ = {isa = PBXBuildFile; fileRef = 9B3D775B1AC3A08100EBC828 /* AppDelegate.m */; };
		9B3D775E1AC3A08100EBC828 /* main.m in Sources */ = {isa = PBXBuildFile; fileRef = 9B3D775C1AC3A08100EBC828 /* main.m */; };
		9B3D77671AC3A0C800EBC828 /* Info.plist in Resources */ = {isa = PBXBuildFile; fileRef = 9B3D77661AC3A0C800EBC828 /* Info.plist */; };
		9B3D77721AC3A2B800EBC828 /* GJMainViewController.m in Sources */ = {isa = PBXBuildFile; fileRef = 9B3D77711AC3A2B800EBC828 /* GJMainViewController.m */; };
/* End PBXBuildFile section */

/* Begin PBXContainerItemProxy section */
		9B3D774A1AC39F9F00EBC828 /* PBXContainerItemProxy */ = {
			isa = PBXContainerItemProxy;
			containerPortal = 9B3D77281AC39F9E00EBC828 /* Project object */;
			proxyType = 1;
			remoteGlobalIDString = 9B3D772F1AC39F9E00EBC828;
			remoteInfo = "班级管家";
		};
/* End PBXContainerItemProxy section */

/* Begin PBXFileReference section */
		9B3D77301AC39F9E00EBC828 /* 班级管家.app */ = {isa = PBXFileReference; explicitFileType = wrapper.application; includeInIndex = 0; path = "班级管家.app"; sourceTree = BUILT_PRODUCTS_DIR; };
		9B3D77401AC39F9F00EBC828 /* Images.xcassets */ = {isa = PBXFileReference; lastKnownFileType = folder.assetcatalog; path = Images.xcassets; sourceTree = "<group>"; };
		9B3D77431AC39F9F00EBC828 /* Base */ = {isa = PBXFileReference; lastKnownFileType = file.xib; name = Base; path = Base.lproj/LaunchScreen.xib; sourceTree = "<group>"; };
		9B3D77491AC39F9F00EBC828 /* 班级管家Tests.xctest */ = {isa = PBXFileReference; explicitFileType = wrapper.cfbundle; includeInIndex = 0; path = "班级管家Tests.xctest"; sourceTree = BUILT_PRODUCTS_DIR; };
		9B3D774E1AC39F9F00EBC828 /* Info.plist */ = {isa = PBXFileReference; lastKnownFileType = text.plist.xml; path = Info.plist; sourceTree = "<group>"; };
		9B3D774F1AC39F9F00EBC828 /* ____Tests.m */ = {isa = PBXFileReference; lastKnownFileType = sourcecode.c.objc; path = "____Tests.m"; sourceTree = "<group>"; };
		9B3D775A1AC3A08100EBC828 /* AppDelegate.h */ = {isa = PBXFileReference; fileEncoding = 4; lastKnownFileType = sourcecode.c.h; path = AppDelegate.h; sourceTree = "<group>"; };
		9B3D775B1AC3A08100EBC828 /* AppDelegate.m */ = {isa = PBXFileReference; fileEncoding = 4; lastKnownFileType = sourcecode.c.objc; path = AppDelegate.m; sourceTree = "<group>"; };
		9B3D775C1AC3A08100EBC828 /* main.m */ = {isa = PBXFileReference; fileEncoding = 4; lastKnownFileType = sourcecode.c.objc; path = main.m; sourceTree = "<group>"; };
		9B3D77661AC3A0C800EBC828 /* Info.plist */ = {isa = PBXFileReference; fileEncoding = 4; lastKnownFileType = text.plist.xml; path = Info.plist; sourceTree = "<group>"; };
		9B3D776F1AC3A14F00EBC828 /* GJPrefixHeader.pch */ = {isa = PBXFileReference; lastKnownFileType = sourcecode.c.h; path = GJPrefixHeader.pch; sourceTree = "<group>"; };
		9B3D77701AC3A2B800EBC828 /* GJMainViewController.h */ = {isa = PBXFileReference; fileEncoding = 4; lastKnownFileType = sourcecode.c.h; name = GJMainViewController.h; path = ../../../../../../../GJMainViewController.h; sourceTree = "<group>"; };
		9B3D77711AC3A2B800EBC828 /* GJMainViewController.m */ = {isa = PBXFileReference; fileEncoding = 4; lastKnownFileType = sourcecode.c.objc; name = GJMainViewController.m; path = ../../../../../../../GJMainViewController.m; sourceTree = "<group>"; };
		9B3D77731AC3A32500EBC828 /* GJCommonUse.h */ = {isa = PBXFileReference; lastKnownFileType = sourcecode.c.h; path = GJCommonUse.h; sourceTree = "<group>"; };
/* End PBXFileReference section */

/* Begin PBXFrameworksBuildPhase section */
		9B3D772D1AC39F9E00EBC828 /* Frameworks */ = {
			isa = PBXFrameworksBuildPhase;
			buildActionMask = 2147483647;
			files = (
			);
			runOnlyForDeploymentPostprocessing = 0;
		};
		9B3D77461AC39F9F00EBC828 /* Frameworks */ = {
			isa = PBXFrameworksBuildPhase;
			buildActionMask = 2147483647;
			files = (
			);
			runOnlyForDeploymentPostprocessing = 0;
		};
/* End PBXFrameworksBuildPhase section */

/* Begin PBXGroup section */
		9B3D77271AC39F9E00EBC828 = {
			isa = PBXGroup;
			children = (
				9B3D77321AC39F9E00EBC828 /* 班级管家 */,
				9B3D77591AC3A08100EBC828 /* APPRunFirst */,
				9B3D77641AC3A0C800EBC828 /* Supporting Files */,
				9B3D774C1AC39F9F00EBC828 /* 班级管家Tests */,
				9B3D77311AC39F9E00EBC828 /* Products */,
			);
			sourceTree = "<group>";
		};
		9B3D77311AC39F9E00EBC828 /* Products */ = {
			isa = PBXGroup;
			children = (
				9B3D77301AC39F9E00EBC828 /* 班级管家.app */,
				9B3D77491AC39F9F00EBC828 /* 班级管家Tests.xctest */,
			);
			name = Products;
			sourceTree = "<group>";
		};
		9B3D77321AC39F9E00EBC828 /* 班级管家 */ = {
			isa = PBXGroup;
			children = (
				9B3D77631AC3A09200EBC828 /* GJCommonLib */,
				9B3D77621AC3A09200EBC828 /* GJClasses */,
				9B3D77401AC39F9F00EBC828 /* Images.xcassets */,
				9B3D77421AC39F9F00EBC828 /* LaunchScreen.xib */,
			);
			path = "班级管家";
			sourceTree = "<group>";
		};
		9B3D774C1AC39F9F00EBC828 /* 班级管家Tests */ = {
			isa = PBXGroup;
			children = (
				9B3D774F1AC39F9F00EBC828 /* ____Tests.m */,
				9B3D774D1AC39F9F00EBC828 /* Supporting Files */,
			);
			path = "班级管家Tests";
			sourceTree = "<group>";
		};
		9B3D774D1AC39F9F00EBC828 /* Supporting Files */ = {
			isa = PBXGroup;
			children = (
				9B3D774E1AC39F9F00EBC828 /* Info.plist */,
			);
			name = "Supporting Files";
			sourceTree = "<group>";
		};
		9B3D77591AC3A08100EBC828 /* APPRunFirst */ = {
			isa = PBXGroup;
			children = (
				9B3D775A1AC3A08100EBC828 /* AppDelegate.h */,
				9B3D775B1AC3A08100EBC828 /* AppDelegate.m */,
				9B3D775C1AC3A08100EBC828 /* main.m */,
				9B3D776F1AC3A14F00EBC828 /* GJPrefixHeader.pch */,
				9B3D77731AC3A32500EBC828 /* GJCommonUse.h */,
			);
			name = APPRunFirst;
			path = "班级管家/APPRunFirst";
			sourceTree = "<group>";
		};
		9B3D77621AC3A09200EBC828 /* GJClasses */ = {
			isa = PBXGroup;
			children = (
				9B3D77681AC3A11600EBC828 /* Main */,
			);
			path = GJClasses;
			sourceTree = "<group>";
		};
		9B3D77631AC3A09200EBC828 /* GJCommonLib */ = {
			isa = PBXGroup;
			children = (
			);
			path = GJCommonLib;
			sourceTree = "<group>";
		};
		9B3D77641AC3A0C800EBC828 /* Supporting Files */ = {
			isa = PBXGroup;
			children = (
				9B3D77651AC3A0C800EBC828 /* BundlePlist */,
			);
			name = "Supporting Files";
			path = "班级管家/Supporting Files";
			sourceTree = "<group>";
		};
		9B3D77651AC3A0C800EBC828 /* BundlePlist */ = {
			isa = PBXGroup;
			children = (
				9B3D77661AC3A0C800EBC828 /* Info.plist */,
			);
			path = BundlePlist;
			sourceTree = "<group>";
		};
		9B3D77681AC3A11600EBC828 /* Main */ = {
			isa = PBXGroup;
			children = (
				9B3D77691AC3A11600EBC828 /* Model */,
				9B3D776A1AC3A11600EBC828 /* View */,
				9B3D776B1AC3A11600EBC828 /* ViewController */,
			);
			path = Main;
			sourceTree = "<group>";
		};
		9B3D77691AC3A11600EBC828 /* Model */ = {
			isa = PBXGroup;
			children = (
			);
			path = Model;
			sourceTree = "<group>";
		};
		9B3D776A1AC3A11600EBC828 /* View */ = {
			isa = PBXGroup;
			children = (
			);
			path = View;
			sourceTree = "<group>";
		};
		9B3D776B1AC3A11600EBC828 /* ViewController */ = {
			isa = PBXGroup;
			children = (
				9B3D77701AC3A2B800EBC828 /* GJMainViewController.h */,
				9B3D77711AC3A2B800EBC828 /* GJMainViewController.m */,
			);
			path = ViewController;
			sourceTree = "<group>";
		};
/* End PBXGroup section */

/* Begin PBXNativeTarget section */
		9B3D772F1AC39F9E00EBC828 /* 班级管家 */ = {
			isa = PBXNativeTarget;
			buildConfigurationList = 9B3D77531AC39F9F00EBC828 /* Build configuration list for PBXNativeTarget "班级管家" */;
			buildPhases = (
				9B3D772C1AC39F9E00EBC828 /* Sources */,
				9B3D772D1AC39F9E00EBC828 /* Frameworks */,
				9B3D772E1AC39F9E00EBC828 /* Resources */,
			);
			buildRules = (
			);
			dependencies = (
			);
			name = "班级管家";
			productName = "班级管家";
			productReference = 9B3D77301AC39F9E00EBC828 /* 班级管家.app */;
			productType = "com.apple.product-type.application";
		};
		9B3D77481AC39F9F00EBC828 /* 班级管家Tests */ = {
			isa = PBXNativeTarget;
			buildConfigurationList = 9B3D77561AC39F9F00EBC828 /* Build configuration list for PBXNativeTarget "班级管家Tests" */;
			buildPhases = (
				9B3D77451AC39F9F00EBC828 /* Sources */,
				9B3D77461AC39F9F00EBC828 /* Frameworks */,
				9B3D77471AC39F9F00EBC828 /* Resources */,
			);
			buildRules = (
			);
			dependencies = (
				9B3D774B1AC39F9F00EBC828 /* PBXTargetDependency */,
			);
			name = "班级管家Tests";
			productName = "班级管家Tests";
			productReference = 9B3D77491AC39F9F00EBC828 /* 班级管家Tests.xctest */;
			productType = "com.apple.product-type.bundle.unit-test";
		};
/* End PBXNativeTarget section */

/* Begin PBXProject section */
		9B3D77281AC39F9E00EBC828 /* Project object */ = {
			isa = PBXProject;
			attributes = {
				LastUpgradeCheck = 0610;
				ORGANIZATIONNAME = "陈雄";
				TargetAttributes = {
					9B3D772F1AC39F9E00EBC828 = {
						CreatedOnToolsVersion = 6.1.1;
					};
					9B3D77481AC39F9F00EBC828 = {
						CreatedOnToolsVersion = 6.1.1;
						TestTargetID = 9B3D772F1AC39F9E00EBC828;
					};
				};
			};
			buildConfigurationList = 9B3D772B1AC39F9E00EBC828 /* Build configuration list for PBXProject "班级管家" */;
			compatibilityVersion = "Xcode 3.2";
			developmentRegion = English;
			hasScannedForEncodings = 0;
			knownRegions = (
				en,
				Base,
			);
			mainGroup = 9B3D77271AC39F9E00EBC828;
			productRefGroup = 9B3D77311AC39F9E00EBC828 /* Products */;
			projectDirPath = "";
			projectRoot = "";
			targets = (
				9B3D772F1AC39F9E00EBC828 /* 班级管家 */,
				9B3D77481AC39F9F00EBC828 /* 班级管家Tests */,
			);
		};
/* End PBXProject section */

/* Begin PBXResourcesBuildPhase section */
		9B3D772E1AC39F9E00EBC828 /* Resources */ = {
			isa = PBXResourcesBuildPhase;
			buildActionMask = 2147483647;
			files = (
				9B3D77441AC39F9F00EBC828 /* LaunchScreen.xib in Resources */,
				9B3D77411AC39F9F00EBC828 /* Images.xcassets in Resources */,
				9B3D77671AC3A0C800EBC828 /* Info.plist in Resources */,
			);
			runOnlyForDeploymentPostprocessing = 0;
		};
		9B3D77471AC39F9F00EBC828 /* Resources */ = {
			isa = PBXResourcesBuildPhase;
			buildActionMask = 2147483647;
			files = (
			);
			runOnlyForDeploymentPostprocessing = 0;
		};
/* End PBXResourcesBuildPhase section */

/* Begin PBXSourcesBuildPhase section */
		9B3D772C1AC39F9E00EBC828 /* Sources */ = {
			isa = PBXSourcesBuildPhase;
			buildActionMask = 2147483647;
			files = (
				9B3D775E1AC3A08100EBC828 /* main.m in Sources */,
				9B3D77721AC3A2B800EBC828 /* GJMainViewController.m in Sources */,
				9B3D775D1AC3A08100EBC828 /* AppDelegate.m in Sources */,
			);
			runOnlyForDeploymentPostprocessing = 0;
		};
		9B3D77451AC39F9F00EBC828 /* Sources */ = {
			isa = PBXSourcesBuildPhase;
			buildActionMask = 2147483647;
			files = (
				9B3D77501AC39F9F00EBC828 /* ____Tests.m in Sources */,
			);
			runOnlyForDeploymentPostprocessing = 0;
		};
/* End PBXSourcesBuildPhase section */

/* Begin PBXTargetDependency section */
		9B3D774B1AC39F9F00EBC828 /* PBXTargetDependency */ = {
			isa = PBXTargetDependency;
			target = 9B3D772F1AC39F9E00EBC828 /* 班级管家 */;
			targetProxy = 9B3D774A1AC39F9F00EBC828 /* PBXContainerItemProxy */;
		};
/* End PBXTargetDependency section */

/* Begin PBXVariantGroup section */
		9B3D77421AC39F9F00EBC828 /* LaunchScreen.xib */ = {
			isa = PBXVariantGroup;
			children = (
				9B3D77431AC39F9F00EBC828 /* Base */,
			);
			name = LaunchScreen.xib;
			sourceTree = "<group>";
		};
/* End PBXVariantGroup section */

/* Begin XCBuildConfiguration section */
		9B3D77511AC39F9F00EBC828 /* Debug */ = {
			isa = XCBuildConfiguration;
			buildSettings = {
				ALWAYS_SEARCH_USER_PATHS = NO;
				CLANG_CXX_LANGUAGE_STANDARD = "gnu++0x";
				CLANG_CXX_LIBRARY = "libc++";
				CLANG_ENABLE_MODULES = YES;
				CLANG_ENABLE_OBJC_ARC = YES;
				CLANG_WARN_BOOL_CONVERSION = YES;
				CLANG_WARN_CONSTANT_CONVERSION = YES;
				CLANG_WARN_DIRECT_OBJC_ISA_USAGE = YES_ERROR;
				CLANG_WARN_EMPTY_BODY = YES;
				CLANG_WARN_ENUM_CONVERSION = YES;
				CLANG_WARN_INT_CONVERSION = YES;
				CLANG_WARN_OBJC_ROOT_CLASS = YES_ERROR;
				CLANG_WARN_UNREACHABLE_CODE = YES;
				CLANG_WARN__DUPLICATE_METHOD_MATCH = YES;
				"CODE_SIGN_IDENTITY[sdk=iphoneos*]" = "iPhone Developer";
				COPY_PHASE_STRIP = NO;
				ENABLE_STRICT_OBJC_MSGSEND = YES;
				GCC_C_LANGUAGE_STANDARD = gnu99;
				GCC_DYNAMIC_NO_PIC = NO;
				GCC_OPTIMIZATION_LEVEL = 0;
				GCC_PRECOMPILE_PREFIX_HEADER = YES;
				GCC_PREFIX_HEADER = "$(SRCROOT)/班级管家/APPRunFirst/GJPrefixHeader.pch";
				GCC_PREPROCESSOR_DEFINITIONS = (
					"DEBUG=1",
					"$(inherited)",
				);
				GCC_SYMBOLS_PRIVATE_EXTERN = NO;
				GCC_WARN_64_TO_32_BIT_CONVERSION = YES;
				GCC_WARN_ABOUT_RETURN_TYPE = YES_ERROR;
				GCC_WARN_UNDECLARED_SELECTOR = YES;
				GCC_WARN_UNINITIALIZED_AUTOS = YES_AGGRESSIVE;
				GCC_WARN_UNUSED_FUNCTION = YES;
				GCC_WARN_UNUSED_VARIABLE = YES;
				IPHONEOS_DEPLOYMENT_TARGET = 7.0;
				MTL_ENABLE_DEBUG_INFO = YES;
				ONLY_ACTIVE_ARCH = YES;
				SDKROOT = iphoneos;
			};
			name = Debug;
		};
		9B3D77521AC39F9F00EBC828 /* Release */ = {
			isa = XCBuildConfiguration;
			buildSettings = {
				ALWAYS_SEARCH_USER_PATHS = NO;
				CLANG_CXX_LANGUAGE_STANDARD = "gnu++0x";
				CLANG_CXX_LIBRARY = "libc++";
				CLANG_ENABLE_MODULES = YES;
				CLANG_ENABLE_OBJC_ARC = YES;
				CLANG_WARN_BOOL_CONVERSION = YES;
				CLANG_WARN_CONSTANT_CONVERSION = YES;
				CLANG_WARN_DIRECT_OBJC_ISA_USAGE = YES_ERROR;
				CLANG_WARN_EMPTY_BODY = YES;
				CLANG_WARN_ENUM_CONVERSION = YES;
				CLANG_WARN_INT_CONVERSION = YES;
				CLANG_WARN_OBJC_ROOT_CLASS = YES_ERROR;
				CLANG_WARN_UNREACHABLE_CODE = YES;
				CLANG_WARN__DUPLICATE_METHOD_MATCH = YES;
				"CODE_SIGN_IDENTITY[sdk=iphoneos*]" = "iPhone Developer";
				COPY_PHASE_STRIP = YES;
				ENABLE_NS_ASSERTIONS = NO;
				ENABLE_STRICT_OBJC_MSGSEND = YES;
				GCC_C_LANGUAGE_STANDARD = gnu99;
				GCC_PRECOMPILE_PREFIX_HEADER = YES;
				GCC_PREFIX_HEADER = "$(SRCROOT)/班级管家/APPRunFirst/GJPrefixHeader.pch";
				GCC_WARN_64_TO_32_BIT_CONVERSION = YES;
				GCC_WARN_ABOUT_RETURN_TYPE = YES_ERROR;
				GCC_WARN_UNDECLARED_SELECTOR = YES;
				GCC_WARN_UNINITIALIZED_AUTOS = YES_AGGRESSIVE;
				GCC_WARN_UNUSED_FUNCTION = YES;
				GCC_WARN_UNUSED_VARIABLE = YES;
				IPHONEOS_DEPLOYMENT_TARGET = 7.0;
				MTL_ENABLE_DEBUG_INFO = NO;
				SDKROOT = iphoneos;
				VALIDATE_PRODUCT = YES;
			};
			name = Release;
		};
		9B3D77541AC39F9F00EBC828 /* Debug */ = {
			isa = XCBuildConfiguration;
			buildSettings = {
				ASSETCATALOG_COMPILER_APPICON_NAME = AppIcon;
				GCC_PRECOMPILE_PREFIX_HEADER = YES;
				GCC_PREFIX_HEADER = "$(SRCROOT)/班级管家/APPRunFirst/GJPrefixHeader.pch";
				INFOPLIST_FILE = "$(SRCROOT)/班级管家/Supporting Files/BundlePlist/Info.plist";
				IPHONEOS_DEPLOYMENT_TARGET = 7.0;
				LD_RUNPATH_SEARCH_PATHS = "$(inherited) @executable_path/Frameworks";
				PRODUCT_NAME = "$(TARGET_NAME)";
			};
			name = Debug;
		};
		9B3D77551AC39F9F00EBC828 /* Release */ = {
			isa = XCBuildConfiguration;
			buildSettings = {
				ASSETCATALOG_COMPILER_APPICON_NAME = AppIcon;
				GCC_PRECOMPILE_PREFIX_HEADER = YES;
				GCC_PREFIX_HEADER = "$(SRCROOT)/班级管家/APPRunFirst/GJPrefixHeader.pch";
				INFOPLIST_FILE = "$(SRCROOT)/班级管家/Supporting Files/BundlePlist/Info.plist";
				IPHONEOS_DEPLOYMENT_TARGET = 7.0;
				LD_RUNPATH_SEARCH_PATHS = "$(inherited) @executable_path/Frameworks";
				PRODUCT_NAME = "$(TARGET_NAME)";
			};
			name = Release;
		};
		9B3D77571AC39F9F00EBC828 /* Debug */ = {
			isa = XCBuildConfiguration;
			buildSettings = {
				BUNDLE_LOADER = "$(TEST_HOST)";
				FRAMEWORK_SEARCH_PATHS = (
					"$(SDKROOT)/Developer/Library/Frameworks",
					"$(inherited)",
				);
				GCC_PREPROCESSOR_DEFINITIONS = (
					"DEBUG=1",
					"$(inherited)",
				);
				INFOPLIST_FILE = "班级管家Tests/Info.plist";
				LD_RUNPATH_SEARCH_PATHS = "$(inherited) @executable_path/Frameworks @loader_path/Frameworks";
				PRODUCT_NAME = "$(TARGET_NAME)";
				TEST_HOST = "$(BUILT_PRODUCTS_DIR)/班级管家.app/班级管家";
			};
			name = Debug;
		};
		9B3D77581AC39F9F00EBC828 /* Release */ = {
			isa = XCBuildConfiguration;
			buildSettings = {
				BUNDLE_LOADER = "$(TEST_HOST)";
				FRAMEWORK_SEARCH_PATHS = (
					"$(SDKROOT)/Developer/Library/Frameworks",
					"$(inherited)",
				);
				INFOPLIST_FILE = "班级管家Tests/Info.plist";
				LD_RUNPATH_SEARCH_PATHS = "$(inherited) @executable_path/Frameworks @loader_path/Frameworks";
				PRODUCT_NAME = "$(TARGET_NAME)";
				TEST_HOST = "$(BUILT_PRODUCTS_DIR)/班级管家.app/班级管家";
			};
			name = Release;
		};
/* End XCBuildConfiguration section */

/* Begin XCConfigurationList section */
		9B3D772B1AC39F9E00EBC828 /* Build configuration list for PBXProject "班级管家" */ = {
			isa = XCConfigurationList;
			buildConfigurations = (
				9B3D77511AC39F9F00EBC828 /* Debug */,
				9B3D77521AC39F9F00EBC828 /* Release */,
			);
			defaultConfigurationIsVisible = 0;
			defaultConfigurationName = Release;
		};
		9B3D77531AC39F9F00EBC828 /* Build configuration list for PBXNativeTarget "班级管家" */ = {
			isa = XCConfigurationList;
			buildConfigurations = (
				9B3D77541AC39F9F00EBC828 /* Debug */,
				9B3D77551AC39F9F00EBC828 /* Release */,
			);
			defaultConfigurationIsVisible = 0;
		};
		9B3D77561AC39F9F00EBC828 /* Build configuration list for PBXNativeTarget "班级管家Tests" */ = {
			isa = XCConfigurationList;
			buildConfigurations = (
				9B3D77571AC39F9F00EBC828 /* Debug */,
				9B3D77581AC39F9F00EBC828 /* Release */,
			);
			defaultConfigurationIsVisible = 0;
		};
/* End XCConfigurationList section */
	};
	rootObject = 9B3D77281AC39F9E00EBC828 /* Project object */;
}
